
Microsoft Visual Studio Solution File, Format Version 12.00
# Visual Studio Version 16
VisualStudioVersion = 16.0.30804.86
MinimumVisualStudioVersion = 10.0.40219.1
Project("{FAE04EC0-301F-11D3-BF4B-00C04F79EFBC}") = "ProcessReflection", "DelegatesDynamicBrowser\ProcessReflection.csproj", "{F670489B-6B2C-48F6-8631-05E6245E3290}"
EndProject
Project("{FAE04EC0-301F-11D3-BF4B-00C04F79EFBC}") = "QuickTests", "QuickTests\QuickTests.csproj", "{68D80033-37D8-42A7-9F8C-D2CB5E701B84}"
EndProject
Global
	GlobalSection(SolutionConfigurationPlatforms) = preSolution
		Debug|Any CPU = Debug|Any CPU
		Release|Any CPU = Release|Any CPU
	EndGlobalSection
	GlobalSection(ProjectConfigurationPlatforms) = postSolution
		{F670489B-6B2C-48F6-8631-05E6245E3290}.Debug|Any CPU.ActiveCfg = Debug|Any CPU
		{F670489B-6B2C-48F6-8631-05E6245E3290}.Debug|Any CPU.Build.0 = Debug|Any CPU
		{F670489B-6B2C-48F6-8631-05E6245E3290}.Release|Any CPU.ActiveCfg = Release|Any CPU
		{F670489B-6B2C-48F6-8631-05E6245E3290}.Release|Any CPU.Build.0 = Release|Any CPU
		{68D80033-37D8-42A7-9F8C-D2CB5E701B84}.Debug|Any CPU.ActiveCfg = Debug|Any CPU
		{68D80033-37D8-42A7-9F8C-D2CB5E701B84}.Debug|Any CPU.Build.0 = Debug|Any CPU
		{68D80033-37D8-42A7-9F8C-D2CB5E701B84}.Release|Any CPU.ActiveCfg = Release|Any CPU
		{68D80033-37D8-42A7-9F8C-D2CB5E701B84}.Release|Any CPU.Build.0 = Release|Any CPU
	EndGlobalSection
	GlobalSection(SolutionProperties) = preSolution
		HideSolutionNode = FALSE
	EndGlobalSection
	GlobalSection(ExtensibilityGlobals) = postSolution
		SolutionGuid = {13D912BB-1450-4759-827D-327726902456}
	EndGlobalSection
EndGlobal
